
Microsoft Visual Studio Solution File, Format Version 12.00
# Visual Studio Version 18
VisualStudioVersion = 18.0.11205.157 d18.0
MinimumVisualStudioVersion = 10.0.40219.1
Project("{FAE04EC0-301F-11D3-BF4B-00C04F79EFBC}") = "WinSyncScroll", "WinSyncScroll\WinSyncScroll.csproj", "{FB6EF979-B67D-4623-BA41-84E53056DFE0}"
EndProject
Project("{FAE04EC0-301F-11D3-BF4B-00C04F79EFBC}") = "WinSyncScroll.VisualTestUtil", "WinSyncScroll.VisualTestUtil\WinSyncScroll.VisualTestUtil.csproj", "{01998BC3-C9BD-41CB-AA56-56097401DB2E}"
EndProject
Project("{2150E333-8FDC-42A3-9474-1A3956D46DE8}") = "Solution Items", "Solution Items", "{6F91F047-0FBA-4CAD-83F9-6E6E2CF2B4E9}"
	ProjectSection(SolutionItems) = preProject
		.editorconfig = .editorconfig
		.gitignore = .gitignore
		global.json = global.json
		README.md = README.md
	EndProjectSection
EndProject
Project("{FAE04EC0-301F-11D3-BF4B-00C04F79EFBC}") = "WinSyncScroll.Common", "WinSyncScroll.Common\WinSyncScroll.Common.csproj", "{77433CC3-5571-45A4-B96F-52490932460E}"
EndProject
Project("{FAE04EC0-301F-11D3-BF4B-00C04F79EFBC}") = "WinSyncScroll.Tests.Unit", "WinSyncScroll.Tests.Unit\WinSyncScroll.Tests.Unit.csproj", "{27E51A2A-6A9C-4EA6-AF1A-EEEFC391138B}"
EndProject
Global
	GlobalSection(SolutionConfigurationPlatforms) = preSolution
		Debug|Any CPU = Debug|Any CPU
		Release|Any CPU = Release|Any CPU
	EndGlobalSection
	GlobalSection(ProjectConfigurationPlatforms) = postSolution
		{FB6EF979-B67D-4623-BA41-84E53056DFE0}.Debug|Any CPU.ActiveCfg = Debug|Any CPU
		{FB6EF979-B67D-4623-BA41-84E53056DFE0}.Debug|Any CPU.Build.0 = Debug|Any CPU
		{FB6EF979-B67D-4623-BA41-84E53056DFE0}.Release|Any CPU.ActiveCfg = Release|Any CPU
		{FB6EF979-B67D-4623-BA41-84E53056DFE0}.Release|Any CPU.Build.0 = Release|Any CPU
		{01998BC3-C9BD-41CB-AA56-56097401DB2E}.Debug|Any CPU.ActiveCfg = Debug|Any CPU
		{01998BC3-C9BD-41CB-AA56-56097401DB2E}.Debug|Any CPU.Build.0 = Debug|Any CPU
		{01998BC3-C9BD-41CB-AA56-56097401DB2E}.Release|Any CPU.ActiveCfg = Release|Any CPU
		{01998BC3-C9BD-41CB-AA56-56097401DB2E}.Release|Any CPU.Build.0 = Release|Any CPU
		{77433CC3-5571-45A4-B96F-52490932460E}.Debug|Any CPU.ActiveCfg = Debug|Any CPU
		{77433CC3-5571-45A4-B96F-52490932460E}.Debug|Any CPU.Build.0 = Debug|Any CPU
		{77433CC3-5571-45A4-B96F-52490932460E}.Release|Any CPU.ActiveCfg = Release|Any CPU
		{77433CC3-5571-45A4-B96F-52490932460E}.Release|Any CPU.Build.0 = Release|Any CPU
		{27E51A2A-6A9C-4EA6-AF1A-EEEFC391138B}.Debug|Any CPU.ActiveCfg = Debug|Any CPU
		{27E51A2A-6A9C-4EA6-AF1A-EEEFC391138B}.Debug|Any CPU.Build.0 = Debug|Any CPU
		{27E51A2A-6A9C-4EA6-AF1A-EEEFC391138B}.Release|Any CPU.ActiveCfg = Release|Any CPU
		{27E51A2A-6A9C-4EA6-AF1A-EEEFC391138B}.Release|Any CPU.Build.0 = Release|Any CPU
	EndGlobalSection
	GlobalSection(SolutionProperties) = preSolution
		HideSolutionNode = FALSE
	EndGlobalSection
	GlobalSection(ExtensibilityGlobals) = postSolution
		SolutionGuid = {669A0E66-A3F9-40FA-88EA-93F6C580DE5E}
	EndGlobalSection
EndGlobal
